
Microsoft Visual Studio Solution File, Format Version 12.00
# Visual Studio Version 16
VisualStudioVersion = 16.0.29920.165
MinimumVisualStudioVersion = 10.0.40219.1
Project("{FAE04EC0-301F-11D3-BF4B-00C04F79EFBC}") = "ExampleWindowsForms", "ExampleWindowsForms\ExampleWindowsForms.csproj", "{BF6ACFCE-9113-4C72-A044-945B04F53E44}"
EndProject
Project("{FAE04EC0-301F-11D3-BF4B-00C04F79EFBC}") = "MathQuiz", "MathQuiz\MathQuiz.csproj", "{06A620B9-3A5F-498B-A737-70A3861CE189}"
EndProject
Global
	GlobalSection(SolutionConfigurationPlatforms) = preSolution
		Debug|Any CPU = Debug|Any CPU
		Release|Any CPU = Release|Any CPU
	EndGlobalSection
	GlobalSection(ProjectConfigurationPlatforms) = postSolution
		{BF6ACFCE-9113-4C72-A044-945B04F53E44}.Debug|Any CPU.ActiveCfg = Debug|Any CPU
		{BF6ACFCE-9113-4C72-A044-945B04F53E44}.Debug|Any CPU.Build.0 = Debug|Any CPU
		{BF6ACFCE-9113-4C72-A044-945B04F53E44}.Release|Any CPU.ActiveCfg = Release|Any CPU
		{BF6ACFCE-9113-4C72-A044-945B04F53E44}.Release|Any CPU.Build.0 = Release|Any CPU
		{06A620B9-3A5F-498B-A737-70A3861CE189}.Debug|Any CPU.ActiveCfg = Debug|Any CPU
		{06A620B9-3A5F-498B-A737-70A3861CE189}.Debug|Any CPU.Build.0 = Debug|Any CPU
		{06A620B9-3A5F-498B-A737-70A3861CE189}.Release|Any CPU.ActiveCfg = Release|Any CPU
		{06A620B9-3A5F-498B-A737-70A3861CE189}.Release|Any CPU.Build.0 = Release|Any CPU
	EndGlobalSection
	GlobalSection(SolutionProperties) = preSolution
		HideSolutionNode = FALSE
	EndGlobalSection
	GlobalSection(ExtensibilityGlobals) = postSolution
		SolutionGuid = {D83F3103-2467-42C0-AA26-10B30DA9DE97}
	EndGlobalSection
EndGlobal
